
Microsoft Visual Studio Solution File, Format Version 12.00
# Visual Studio 15
VisualStudioVersion = 15.0.26730.8
MinimumVisualStudioVersion = 10.0.40219.1
Project("{FAE04EC0-301F-11D3-BF4B-00C04F79EFBC}") = "Vidly", "Vidly\Vidly.csproj", "{353149B6-4AF5-4844-9C41-63A2D6395197}"
EndProject
Global
	GlobalSection(SolutionConfigurationPlatforms) = preSolution
		Debug|Any CPU = Debug|Any CPU
		Release|Any CPU = Release|Any CPU
	EndGlobalSection
	GlobalSection(ProjectConfigurationPlatforms) = postSolution
		{353149B6-4AF5-4844-9C41-63A2D6395197}.Debug|Any CPU.ActiveCfg = Debug|Any CPU
		{353149B6-4AF5-4844-9C41-63A2D6395197}.Debug|Any CPU.Build.0 = Debug|Any CPU
		{353149B6-4AF5-4844-9C41-63A2D6395197}.Release|Any CPU.ActiveCfg = Release|Any CPU
		{353149B6-4AF5-4844-9C41-63A2D6395197}.Release|Any CPU.Build.0 = Release|Any CPU
	EndGlobalSection
	GlobalSection(SolutionProperties) = preSolution
		HideSolutionNode = FALSE
	EndGlobalSection
	GlobalSection(ExtensibilityGlobals) = postSolution
		SolutionGuid = {94BD9D93-D08D-4413-A091-9990D25E24DB}
	EndGlobalSection
EndGlobal
